
Microsoft Visual Studio Solution File, Format Version 12.00
# Visual Studio Version 16
VisualStudioVersion = 16.0.30225.117
MinimumVisualStudioVersion = 10.0.40219.1
Project("{9A19103F-16F7-4668-BE54-9A1E7A4F7556}") = "LDSOFAQFunctionApp", "LDSOFAQFunctionApp\LDSOFAQFunctionApp.csproj", "{5BCF9AA0-AB58-459C-8F49-B15B716E19C7}"
EndProject
Project("{FAE04EC0-301F-11D3-BF4B-00C04F79EFBC}") = "LDSOFAQUIApp", "LDSOFAQUIApp\LDSOFAQUIApp.csproj", "{427DBB46-0DD0-45AA-B48B-654FC458ED47}"
EndProject
Global
	GlobalSection(SolutionConfigurationPlatforms) = preSolution
		Debug|Any CPU = Debug|Any CPU
		Release|Any CPU = Release|Any CPU
	EndGlobalSection
	GlobalSection(ProjectConfigurationPlatforms) = postSolution
		{5BCF9AA0-AB58-459C-8F49-B15B716E19C7}.Debug|Any CPU.ActiveCfg = Debug|Any CPU
		{5BCF9AA0-AB58-459C-8F49-B15B716E19C7}.Debug|Any CPU.Build.0 = Debug|Any CPU
		{5BCF9AA0-AB58-459C-8F49-B15B716E19C7}.Release|Any CPU.ActiveCfg = Release|Any CPU
		{5BCF9AA0-AB58-459C-8F49-B15B716E19C7}.Release|Any CPU.Build.0 = Release|Any CPU
		{427DBB46-0DD0-45AA-B48B-654FC458ED47}.Debug|Any CPU.ActiveCfg = Debug|Any CPU
		{427DBB46-0DD0-45AA-B48B-654FC458ED47}.Debug|Any CPU.Build.0 = Debug|Any CPU
		{427DBB46-0DD0-45AA-B48B-654FC458ED47}.Release|Any CPU.ActiveCfg = Release|Any CPU
		{427DBB46-0DD0-45AA-B48B-654FC458ED47}.Release|Any CPU.Build.0 = Release|Any CPU
	EndGlobalSection
	GlobalSection(SolutionProperties) = preSolution
		HideSolutionNode = FALSE
	EndGlobalSection
	GlobalSection(ExtensibilityGlobals) = postSolution
		SolutionGuid = {EE5B5A69-0EE1-491C-8E43-AEE722AC39F1}
	EndGlobalSection
EndGlobal
